# This file was autogenerated by Stack.
# You should not edit this file by hand.
# For more information, please see the documentation at:
#   https://docs.haskellstack.org/en/stable/lock_files

packages:
- completed:
    cabal-file:
      size: 3284
      sha256: 602a8bfa53d5d5d8b056f854b6815f0e18d4af62f989d5c8b0d29ee295f79a35
    name: hw-kafka-client
    version: 3.0.0
    git: https://github.com/haskell-works/hw-kafka-client.git
    pantry-tree:
      size: 2869
      sha256: 28fa12b81b1397f2a7937c6175d22c3af6040e8915b36441fe5442e3120e8e43
    commit: db12f9501a28c0c35e91112eb02696c23e7f93a4
  original:
    git: https://github.com/haskell-works/hw-kafka-client.git
    commit: db12f9501a28c0c35e91112eb02696c23e7f93a4
snapshots:
- completed:
    size: 491387
    url: https://raw.githubusercontent.com/commercialhaskell/stackage-snapshots/master/lts/15/6.yaml
    sha256: 8d81505a6de861e167a58534ab62330afb75bfa108735c7db1204f7ef2a39d79
  original: lts-15.6
